
Microsoft Visual Studio Solution File, Format Version 12.00
# Visual Studio Version 17
VisualStudioVersion = 17.3.32922.545
MinimumVisualStudioVersion = 10.0.40219.1
Project("{FAE04EC0-301F-11D3-BF4B-00C04F79EFBC}") = "CircleObjects", "CircleObjects.csproj", "{606C7445-991B-45D1-9EF4-B27180104644}"
EndProject
Global
	GlobalSection(SolutionConfigurationPlatforms) = preSolution
		Debug|Any CPU = Debug|Any CPU
		Release|Any CPU = Release|Any CPU
	EndGlobalSection
	GlobalSection(ProjectConfigurationPlatforms) = postSolution
		{606C7445-991B-45D1-9EF4-B27180104644}.Debug|Any CPU.ActiveCfg = Debug|Any CPU
		{606C7445-991B-45D1-9EF4-B27180104644}.Debug|Any CPU.Build.0 = Debug|Any CPU
		{606C7445-991B-45D1-9EF4-B27180104644}.Release|Any CPU.ActiveCfg = Release|Any CPU
		{606C7445-991B-45D1-9EF4-B27180104644}.Release|Any CPU.Build.0 = Release|Any CPU
	EndGlobalSection
	GlobalSection(SolutionProperties) = preSolution
		HideSolutionNode = FALSE
	EndGlobalSection
	GlobalSection(ExtensibilityGlobals) = postSolution
		SolutionGuid = {FA1B7F90-063B-4A28-9F7D-4834D4CA440A}
	EndGlobalSection
EndGlobal
